
Microsoft Visual Studio Solution File, Format Version 12.00
# Visual Studio Version 17
VisualStudioVersion = 17.13.35828.75 d17.13
MinimumVisualStudioVersion = 10.0.40219.1
Project("{FAE04EC0-301F-11D3-BF4B-00C04F79EFBC}") = "ProjetoPortaluni", "ProjetoPortaluni\ProjetoPortaluni.csproj", "{BC145484-477D-4F45-8070-9BDEEB3CF45E}"
EndProject
Global
	GlobalSection(SolutionConfigurationPlatforms) = preSolution
		Debug|Any CPU = Debug|Any CPU
		Release|Any CPU = Release|Any CPU
	EndGlobalSection
	GlobalSection(ProjectConfigurationPlatforms) = postSolution
		{BC145484-477D-4F45-8070-9BDEEB3CF45E}.Debug|Any CPU.ActiveCfg = Debug|Any CPU
		{BC145484-477D-4F45-8070-9BDEEB3CF45E}.Debug|Any CPU.Build.0 = Debug|Any CPU
		{BC145484-477D-4F45-8070-9BDEEB3CF45E}.Release|Any CPU.ActiveCfg = Release|Any CPU
		{BC145484-477D-4F45-8070-9BDEEB3CF45E}.Release|Any CPU.Build.0 = Release|Any CPU
	EndGlobalSection
	GlobalSection(SolutionProperties) = preSolution
		HideSolutionNode = FALSE
	EndGlobalSection
	GlobalSection(ExtensibilityGlobals) = postSolution
		SolutionGuid = {9BFF92DC-6519-49F9-BD91-0DD70FB96411}
	EndGlobalSection
EndGlobal
